// !$*UTF8*$!
{
	archiveVersion = 1;
	classes = {
	};
	objectVersion = 50;
	objects = {

/* Begin PBXBuildFile section */
		A101FDD9207A492000DFE303 /* AppDelegate.swift in Sources */ = {isa = PBXBuildFile; fileRef = A101FDD8207A492000DFE303 /* AppDelegate.swift */; };
		A101FDDB207A492000DFE303 /* ViewController.swift in Sources */ = {isa = PBXBuildFile; fileRef = A101FDDA207A492000DFE303 /* ViewController.swift */; };
		A101FDDE207A492000DFE303 /* Main.storyboard in Resources */ = {isa = PBXBuildFile; fileRef = A101FDDC207A492000DFE303 /* Main.storyboard */; };
		A101FDE0207A492300DFE303 /* Assets.xcassets in Resources */ = {isa = PBXBuildFile; fileRef = A101FDDF207A492300DFE303 /* Assets.xcassets */; };
		A101FDE3207A492400DFE303 /* LaunchScreen.storyboard in Resources */ = {isa = PBXBuildFile; fileRef = A101FDE1207A492400DFE303 /* LaunchScreen.storyboard */; };
		A101FDEE207A492400DFE303 /* Pomodoro_TimerTests.swift in Sources */ = {isa = PBXBuildFile; fileRef = A101FDED207A492400DFE303 /* Pomodoro_TimerTests.swift */; };
		A132EB1B209DA60C00C17914 /* SettingsPage.swift in Sources */ = {isa = PBXBuildFile; fileRef = A132EB1A209DA60C00C17914 /* SettingsPage.swift */; };
/* End PBXBuildFile section */

/* Begin PBXContainerItemProxy section */
		A101FDEA207A492400DFE303 /* PBXContainerItemProxy */ = {
			isa = PBXContainerItemProxy;
			containerPortal = A101FDCD207A492000DFE303 /* Project object */;
			proxyType = 1;
			remoteGlobalIDString = A101FDD4207A492000DFE303;
			remoteInfo = "Pomodoro Timer";
		};
/* End PBXContainerItemProxy section */

/* Begin PBXFileReference section */
		A101FDD5207A492000DFE303 /* Pomodoro Timer.app */ = {isa = PBXFileReference; explicitFileType = wrapper.application; includeInIndex = 0; path = "Pomodoro Timer.app"; sourceTree = BUILT_PRODUCTS_DIR; };
		A101FDD8207A492000DFE303 /* AppDelegate.swift */ = {isa = PBXFileReference; lastKnownFileType = sourcecode.swift; path = AppDelegate.swift; sourceTree = "<group>"; };
		A101FDDA207A492000DFE303 /* ViewController.swift */ = {isa = PBXFileReference; lastKnownFileType = sourcecode.swift; path = ViewController.swift; sourceTree = "<group>"; };
		A101FDDD207A492000DFE303 /* Base */ = {isa = PBXFileReference; lastKnownFileType = file.storyboard; name = Base; path = Base.lproj/Main.storyboard; sourceTree = "<group>"; };
		A101FDDF207A492300DFE303 /* Assets.xcassets */ = {isa = PBXFileReference; lastKnownFileType = folder.assetcatalog; path = Assets.xcassets; sourceTree = "<group>"; };
		A101FDE2207A492400DFE303 /* Base */ = {isa = PBXFileReference; lastKnownFileType = file.storyboard; name = Base; path = Base.lproj/LaunchScreen.storyboard; sourceTree = "<group>"; };
		A101FDE4207A492400DFE303 /* Info.plist */ = {isa = PBXFileReference; lastKnownFileType = text.plist.xml; path = Info.plist; sourceTree = "<group>"; };
		A101FDE9207A492400DFE303 /* Pomodoro TimerTests.xctest */ = {isa = PBXFileReference; explicitFileType = wrapper.cfbundle; includeInIndex = 0; path = "Pomodoro TimerTests.xctest"; sourceTree = BUILT_PRODUCTS_DIR; };
		A101FDED207A492400DFE303 /* Pomodoro_TimerTests.swift */ = {isa = PBXFileReference; lastKnownFileType = sourcecode.swift; path = Pomodoro_TimerTests.swift; sourceTree = "<group>"; };
		A101FDEF207A492400DFE303 /* Info.plist */ = {isa = PBXFileReference; lastKnownFileType = text.plist.xml; path = Info.plist; sourceTree = "<group>"; };
		A132EB1A209DA60C00C17914 /* SettingsPage.swift */ = {isa = PBXFileReference; lastKnownFileType = sourcecode.swift; path = SettingsPage.swift; sourceTree = "<group>"; };
/* End PBXFileReference section */

/* Begin PBXFrameworksBuildPhase section */
		A101FDD2207A492000DFE303 /* Frameworks */ = {
			isa = PBXFrameworksBuildPhase;
			buildActionMask = 2147483647;
			files = (
			);
			runOnlyForDeploymentPostprocessing = 0;
		};
		A101FDE6207A492400DFE303 /* Frameworks */ = {
			isa = PBXFrameworksBuildPhase;
			buildActionMask = 2147483647;
			files = (
			);
			runOnlyForDeploymentPostprocessing = 0;
		};
/* End PBXFrameworksBuildPhase section */

/* Begin PBXGroup section */
		A101FDCC207A492000DFE303 = {
			isa = PBXGroup;
			children = (
				A101FDD7207A492000DFE303 /* Pomodoro Timer */,
				A101FDEC207A492400DFE303 /* Pomodoro TimerTests */,
				A101FDD6207A492000DFE303 /* Products */,
			);
			sourceTree = "<group>";
		};
		A101FDD6207A492000DFE303 /* Products */ = {
			isa = PBXGroup;
			children = (
				A101FDD5207A492000DFE303 /* Pomodoro Timer.app */,
				A101FDE9207A492400DFE303 /* Pomodoro TimerTests.xctest */,
			);
			name = Products;
			sourceTree = "<group>";
		};
		A101FDD7207A492000DFE303 /* Pomodoro Timer */ = {
			isa = PBXGroup;
			children = (
				A101FDD8207A492000DFE303 /* AppDelegate.swift */,
				A101FDDA207A492000DFE303 /* ViewController.swift */,
				A101FDDC207A492000DFE303 /* Main.storyboard */,
				A132EB1A209DA60C00C17914 /* SettingsPage.swift */,
				A101FDDF207A492300DFE303 /* Assets.xcassets */,
				A101FDE1207A492400DFE303 /* LaunchScreen.storyboard */,
				A101FDE4207A492400DFE303 /* Info.plist */,
			);
			path = "Pomodoro Timer";
			sourceTree = "<group>";
		};
		A101FDEC207A492400DFE303 /* Pomodoro TimerTests */ = {
			isa = PBXGroup;
			children = (
				A101FDED207A492400DFE303 /* Pomodoro_TimerTests.swift */,
				A101FDEF207A492400DFE303 /* Info.plist */,
			);
			path = "Pomodoro TimerTests";
			sourceTree = "<group>";
		};
/* End PBXGroup section */

/* Begin PBXNativeTarget section */
		A101FDD4207A492000DFE303 /* Pomodoro Timer */ = {
			isa = PBXNativeTarget;
			buildConfigurationList = A101FDF2207A492400DFE303 /* Build configuration list for PBXNativeTarget "Pomodoro Timer" */;
			buildPhases = (
				A101FDD1207A492000DFE303 /* Sources */,
				A101FDD2207A492000DFE303 /* Frameworks */,
				A101FDD3207A492000DFE303 /* Resources */,
			);
			buildRules = (
			);
			dependencies = (
			);
			name = "Pomodoro Timer";
			productName = "Pomodoro Timer";
			productReference = A101FDD5207A492000DFE303 /* Pomodoro Timer.app */;
			productType = "com.apple.product-type.application";
		};
		A101FDE8207A492400DFE303 /* Pomodoro TimerTests */ = {
			isa = PBXNativeTarget;
			buildConfigurationList = A101FDF5207A492400DFE303 /* Build configuration list for PBXNativeTarget "Pomodoro TimerTests" */;
			buildPhases = (
				A101FDE5207A492400DFE303 /* Sources */,
				A101FDE6207A492400DFE303 /* Frameworks */,
				A101FDE7207A492400DFE303 /* Resources */,
			);
			buildRules = (
			);
			dependencies = (
				A101FDEB207A492400DFE303 /* PBXTargetDependency */,
			);
			name = "Pomodoro TimerTests";
			productName = "Pomodoro TimerTests";
			productReference = A101FDE9207A492400DFE303 /* Pomodoro TimerTests.xctest */;
			productType = "com.apple.product-type.bundle.unit-test";
		};
/* End PBXNativeTarget section */

/* Begin PBXProject section */
		A101FDCD207A492000DFE303 /* Project object */ = {
			isa = PBXProject;
			attributes = {
				LastSwiftUpdateCheck = 0930;
				LastUpgradeCheck = 0930;
				ORGANIZATIONNAME = "Andy Yu";
				TargetAttributes = {
					A101FDD4207A492000DFE303 = {
						CreatedOnToolsVersion = 9.3;
					};
					A101FDE8207A492400DFE303 = {
						CreatedOnToolsVersion = 9.3;
						TestTargetID = A101FDD4207A492000DFE303;
					};
				};
			};
			buildConfigurationList = A101FDD0207A492000DFE303 /* Build configuration list for PBXProject "Pomodoro Timer" */;
			compatibilityVersion = "Xcode 9.3";
			developmentRegion = en;
			hasScannedForEncodings = 0;
			knownRegions = (
				en,
				Base,
			);
			mainGroup = A101FDCC207A492000DFE303;
			productRefGroup = A101FDD6207A492000DFE303 /* Products */;
			projectDirPath = "";
			projectRoot = "";
			targets = (
				A101FDD4207A492000DFE303 /* Pomodoro Timer */,
				A101FDE8207A492400DFE303 /* Pomodoro TimerTests */,
			);
		};
/* End PBXProject section */

/* Begin PBXResourcesBuildPhase section */
		A101FDD3207A492000DFE303 /* Resources */ = {
			isa = PBXResourcesBuildPhase;
			buildActionMask = 2147483647;
			files = (
				A101FDE3207A492400DFE303 /* LaunchScreen.storyboard in Resources */,
				A101FDE0207A492300DFE303 /* Assets.xcassets in Resources */,
				A101FDDE207A492000DFE303 /* Main.storyboard in Resources */,
			);
			runOnlyForDeploymentPostprocessing = 0;
		};
		A101FDE7207A492400DFE303 /* Resources */ = {
			isa = PBXResourcesBuildPhase;
			buildActionMask = 2147483647;
			files = (
			);
			runOnlyForDeploymentPostprocessing = 0;
		};
/* End PBXResourcesBuildPhase section */

/* Begin PBXSourcesBuildPhase section */
		A101FDD1207A492000DFE303 /* Sources */ = {
			isa = PBXSourcesBuildPhase;
			buildActionMask = 2147483647;
			files = (
				A132EB1B209DA60C00C17914 /* SettingsPage.swift in Sources */,
				A101FDDB207A492000DFE303 /* ViewController.swift in Sources */,
				A101FDD9207A492000DFE303 /* AppDelegate.swift in Sources */,
			);
			runOnlyForDeploymentPostprocessing = 0;
		};
		A101FDE5207A492400DFE303 /* Sources */ = {
			isa = PBXSourcesBuildPhase;
			buildActionMask = 2147483647;
			files = (
				A101FDEE207A492400DFE303 /* Pomodoro_TimerTests.swift in Sources */,
			);
			runOnlyForDeploymentPostprocessing = 0;
		};
/* End PBXSourcesBuildPhase section */

/* Begin PBXTargetDependency section */
		A101FDEB207A492400DFE303 /* PBXTargetDependency */ = {
			isa = PBXTargetDependency;
			target = A101FDD4207A492000DFE303 /* Pomodoro Timer */;
			targetProxy = A101FDEA207A492400DFE303 /* PBXContainerItemProxy */;
		};
/* End PBXTargetDependency section */

/* Begin PBXVariantGroup section */
		A101FDDC207A492000DFE303 /* Main.storyboard */ = {
			isa = PBXVariantGroup;
			children = (
				A101FDDD207A492000DFE303 /* Base */,
			);
			name = Main.storyboard;
			sourceTree = "<group>";
		};
		A101FDE1207A492400DFE303 /* LaunchScreen.storyboard */ = {
			isa = PBXVariantGroup;
			children = (
				A101FDE2207A492400DFE303 /* Base */,
			);
			name = LaunchScreen.storyboard;
			sourceTree = "<group>";
		};
/* End PBXVariantGroup section */

/* Begin XCBuildConfiguration section */
		A101FDF0207A492400DFE303 /* Debug */ = {
			isa = XCBuildConfiguration;
			buildSettings = {
				ALWAYS_SEARCH_USER_PATHS = NO;
				CLANG_ANALYZER_NONNULL = YES;
				CLANG_ANALYZER_NUMBER_OBJECT_CONVERSION = YES_AGGRESSIVE;
				CLANG_CXX_LANGUAGE_STANDARD = "gnu++14";
				CLANG_CXX_LIBRARY = "libc++";
				CLANG_ENABLE_MODULES = YES;
				CLANG_ENABLE_OBJC_ARC = YES;
				CLANG_ENABLE_OBJC_WEAK = YES;
				CLANG_WARN_BLOCK_CAPTURE_AUTORELEASING = YES;
				CLANG_WARN_BOOL_CONVERSION = YES;
				CLANG_WARN_COMMA = YES;
				CLANG_WARN_CONSTANT_CONVERSION = YES;
				CLANG_WARN_DEPRECATED_OBJC_IMPLEMENTATIONS = YES;
				CLANG_WARN_DIRECT_OBJC_ISA_USAGE = YES_ERROR;
				CLANG_WARN_DOCUMENTATION_COMMENTS = YES;
				CLANG_WARN_EMPTY_BODY = YES;
				CLANG_WARN_ENUM_CONVERSION = YES;
				CLANG_WARN_INFINITE_RECURSION = YES;
				CLANG_WARN_INT_CONVERSION = YES;
				CLANG_WARN_NON_LITERAL_NULL_CONVERSION = YES;
				CLANG_WARN_OBJC_IMPLICIT_RETAIN_SELF = YES;
				CLANG_WARN_OBJC_LITERAL_CONVERSION = YES;
				CLANG_WARN_OBJC_ROOT_CLASS = YES_ERROR;
				CLANG_WARN_RANGE_LOOP_ANALYSIS = YES;
				CLANG_WARN_STRICT_PROTOTYPES = YES;
				CLANG_WARN_SUSPICIOUS_MOVE = YES;
				CLANG_WARN_UNGUARDED_AVAILABILITY = YES_AGGRESSIVE;
				CLANG_WARN_UNREACHABLE_CODE = YES;
				CLANG_WARN__DUPLICATE_METHOD_MATCH = YES;
				CODE_SIGN_IDENTITY = "iPhone Developer";
				COPY_PHASE_STRIP = NO;
				DEBUG_INFORMATION_FORMAT = dwarf;
				ENABLE_STRICT_OBJC_MSGSEND = YES;
				ENABLE_TESTABILITY = YES;
				GCC_C_LANGUAGE_STANDARD = gnu11;
				GCC_DYNAMIC_NO_PIC = NO;
				GCC_NO_COMMON_BLOCKS = YES;
				GCC_OPTIMIZATION_LEVEL = 0;
				GCC_PREPROCESSOR_DEFINITIONS = (
					"DEBUG=1",
					"$(inherited)",
				);
				GCC_WARN_64_TO_32_BIT_CONVERSION = YES;
				GCC_WARN_ABOUT_RETURN_TYPE = YES_ERROR;
				GCC_WARN_UNDECLARED_SELECTOR = YES;
				GCC_WARN_UNINITIALIZED_AUTOS = YES_AGGRESSIVE;
				GCC_WARN_UNUSED_FUNCTION = YES;
				GCC_WARN_UNUSED_VARIABLE = YES;
				IPHONEOS_DEPLOYMENT_TARGET = 11.3;
				MTL_ENABLE_DEBUG_INFO = YES;
				ONLY_ACTIVE_ARCH = YES;
				SDKROOT = iphoneos;
				SWIFT_ACTIVE_COMPILATION_CONDITIONS = DEBUG;
				SWIFT_OPTIMIZATION_LEVEL = "-Onone";
			};
			name = Debug;
		};
		A101FDF1207A492400DFE303 /* Release */ = {
			isa = XCBuildConfiguration;
			buildSettings = {
				ALWAYS_SEARCH_USER_PATHS = NO;
				CLANG_ANALYZER_NONNULL = YES;
				CLANG_ANALYZER_NUMBER_OBJECT_CONVERSION = YES_AGGRESSIVE;
				CLANG_CXX_LANGUAGE_STANDARD = "gnu++14";
				CLANG_CXX_LIBRARY = "libc++";
				CLANG_ENABLE_MODULES = YES;
				CLANG_ENABLE_OBJC_ARC = YES;
				CLANG_ENABLE_OBJC_WEAK = YES;
				CLANG_WARN_BLOCK_CAPTURE_AUTORELEASING = YES;
				CLANG_WARN_BOOL_CONVERSION = YES;
				CLANG_WARN_COMMA = YES;
				CLANG_WARN_CONSTANT_CONVERSION = YES;
				CLANG_WARN_DEPRECATED_OBJC_IMPLEMENTATIONS = YES;
				CLANG_WARN_DIRECT_OBJC_ISA_USAGE = YES_ERROR;
				CLANG_WARN_DOCUMENTATION_COMMENTS = YES;
				CLANG_WARN_EMPTY_BODY = YES;
				CLANG_WARN_ENUM_CONVERSION = YES;
				CLANG_WARN_INFINITE_RECURSION = YES;
				CLANG_WARN_INT_CONVERSION = YES;
				CLANG_WARN_NON_LITERAL_NULL_CONVERSION = YES;
				CLANG_WARN_OBJC_IMPLICIT_RETAIN_SELF = YES;
				CLANG_WARN_OBJC_LITERAL_CONVERSION = YES;
				CLANG_WARN_OBJC_ROOT_CLASS = YES_ERROR;
				CLANG_WARN_RANGE_LOOP_ANALYSIS = YES;
				CLANG_WARN_STRICT_PROTOTYPES = YES;
				CLANG_WARN_SUSPICIOUS_MOVE = YES;
				CLANG_WARN_UNGUARDED_AVAILABILITY = YES_AGGRESSIVE;
				CLANG_WARN_UNREACHABLE_CODE = YES;
				CLANG_WARN__DUPLICATE_METHOD_MATCH = YES;
				CODE_SIGN_IDENTITY = "iPhone Developer";
				COPY_PHASE_STRIP = NO;
				DEBUG_INFORMATION_FORMAT = "dwarf-with-dsym";
				ENABLE_NS_ASSERTIONS = NO;
				ENABLE_STRICT_OBJC_MSGSEND = YES;
				GCC_C_LANGUAGE_STANDARD = gnu11;
				GCC_NO_COMMON_BLOCKS = YES;
				GCC_WARN_64_TO_32_BIT_CONVERSION = YES;
				GCC_WARN_ABOUT_RETURN_TYPE = YES_ERROR;
				GCC_WARN_UNDECLARED_SELECTOR = YES;
				GCC_WARN_UNINITIALIZED_AUTOS = YES_AGGRESSIVE;
				GCC_WARN_UNUSED_FUNCTION = YES;
				GCC_WARN_UNUSED_VARIABLE = YES;
				IPHONEOS_DEPLOYMENT_TARGET = 11.3;
				MTL_ENABLE_DEBUG_INFO = NO;
				SDKROOT = iphoneos;
				SWIFT_COMPILATION_MODE = wholemodule;
				SWIFT_OPTIMIZATION_LEVEL = "-O";
				VALIDATE_PRODUCT = YES;
			};
			name = Release;
		};
		A101FDF3207A492400DFE303 /* Debug */ = {
			isa = XCBuildConfiguration;
			buildSettings = {
				ASSETCATALOG_COMPILER_APPICON_NAME = AppIcon;
				CODE_SIGN_STYLE = Automatic;
				INFOPLIST_FILE = "Pomodoro Timer/Info.plist";
				LD_RUNPATH_SEARCH_PATHS = (
					"$(inherited)",
					"@executable_path/Frameworks",
				);
				PRODUCT_BUNDLE_IDENTIFIER = "com.example.Pomodoro-Timer";
				PRODUCT_NAME = "$(TARGET_NAME)";
				SWIFT_VERSION = 4.0;
				TARGETED_DEVICE_FAMILY = "1,2";
			};
			name = Debug;
		};
		A101FDF4207A492400DFE303 /* Release */ = {
			isa = XCBuildConfiguration;
			buildSettings = {
				ASSETCATALOG_COMPILER_APPICON_NAME = AppIcon;
				CODE_SIGN_STYLE = Automatic;
				INFOPLIST_FILE = "Pomodoro Timer/Info.plist";
				LD_RUNPATH_SEARCH_PATHS = (
					"$(inherited)",
					"@executable_path/Frameworks",
				);
				PRODUCT_BUNDLE_IDENTIFIER = "com.example.Pomodoro-Timer";
				PRODUCT_NAME = "$(TARGET_NAME)";
				SWIFT_VERSION = 4.0;
				TARGETED_DEVICE_FAMILY = "1,2";
			};
			name = Release;
		};
		A101FDF6207A492400DFE303 /* Debug */ = {
			isa = XCBuildConfiguration;
			buildSettings = {
				ALWAYS_EMBED_SWIFT_STANDARD_LIBRARIES = YES;
				BUNDLE_LOADER = "$(TEST_HOST)";
				CODE_SIGN_STYLE = Automatic;
				INFOPLIST_FILE = "Pomodoro TimerTests/Info.plist";
				LD_RUNPATH_SEARCH_PATHS = (
					"$(inherited)",
					"@executable_path/Frameworks",
					"@loader_path/Frameworks",
				);
				PRODUCT_BUNDLE_IDENTIFIER = "com.example.Pomodoro-TimerTests";
				PRODUCT_NAME = "$(TARGET_NAME)";
				SWIFT_VERSION = 4.0;
				TARGETED_DEVICE_FAMILY = "1,2";
				TEST_HOST = "$(BUILT_PRODUCTS_DIR)/Pomodoro Timer.app/Pomodoro Timer";
			};
			name = Debug;
		};
		A101FDF7207A492400DFE303 /* Release */ = {
			isa = XCBuildConfiguration;
			buildSettings = {
				ALWAYS_EMBED_SWIFT_STANDARD_LIBRARIES = YES;
				BUNDLE_LOADER = "$(TEST_HOST)";
				CODE_SIGN_STYLE = Automatic;
				INFOPLIST_FILE = "Pomodoro TimerTests/Info.plist";
				LD_RUNPATH_SEARCH_PATHS = (
					"$(inherited)",
					"@executable_path/Frameworks",
					"@loader_path/Frameworks",
				);
				PRODUCT_BUNDLE_IDENTIFIER = "com.example.Pomodoro-TimerTests";
				PRODUCT_NAME = "$(TARGET_NAME)";
				SWIFT_VERSION = 4.0;
				TARGETED_DEVICE_FAMILY = "1,2";
				TEST_HOST = "$(BUILT_PRODUCTS_DIR)/Pomodoro Timer.app/Pomodoro Timer";
			};
			name = Release;
		};
/* End XCBuildConfiguration section */

/* Begin XCConfigurationList section */
		A101FDD0207A492000DFE303 /* Build configuration list for PBXProject "Pomodoro Timer" */ = {
			isa = XCConfigurationList;
			buildConfigurations = (
				A101FDF0207A492400DFE303 /* Debug */,
				A101FDF1207A492400DFE303 /* Release */,
			);
			defaultConfigurationIsVisible = 0;
			defaultConfigurationName = Release;
		};
		A101FDF2207A492400DFE303 /* Build configuration list for PBXNativeTarget "Pomodoro Timer" */ = {
			isa = XCConfigurationList;
			buildConfigurations = (
				A101FDF3207A492400DFE303 /* Debug */,
				A101FDF4207A492400DFE303 /* Release */,
			);
			defaultConfigurationIsVisible = 0;
			defaultConfigurationName = Release;
		};
		A101FDF5207A492400DFE303 /* Build configuration list for PBXNativeTarget "Pomodoro TimerTests" */ = {
			isa = XCConfigurationList;
			buildConfigurations = (
				A101FDF6207A492400DFE303 /* Debug */,
				A101FDF7207A492400DFE303 /* Release */,
			);
			defaultConfigurationIsVisible = 0;
			defaultConfigurationName = Release;
		};
/* End XCConfigurationList section */
	};
	rootObject = A101FDCD207A492000DFE303 /* Project object */;
}
